
Microsoft Visual Studio Solution File, Format Version 12.00
# Visual Studio 15
VisualStudioVersion = 15.0.28307.136
MinimumVisualStudioVersion = 10.0.40219.1
Project("{FAE04EC0-301F-11D3-BF4B-00C04F79EFBC}") = "App01_ConsultarCEP.Android", "App01_ConsultarCEP\App01_ConsultarCEP.Android\App01_ConsultarCEP.Android.csproj", "{291B5C86-7F4F-46DC-83DA-98AAB932D655}"
EndProject
Project("{FAE04EC0-301F-11D3-BF4B-00C04F79EFBC}") = "App01_ConsultarCEP.iOS", "App01_ConsultarCEP\App01_ConsultarCEP.iOS\App01_ConsultarCEP.iOS.csproj", "{E9399231-939F-4A94-95BD-9EFAFC0198D0}"
EndProject
Project("{FAE04EC0-301F-11D3-BF4B-00C04F79EFBC}") = "App01_ConsultarCEP.UWP", "App01_ConsultarCEP\App01_ConsultarCEP.UWP\App01_ConsultarCEP.UWP.csproj", "{97178569-A3FC-49E1-9146-0B4211C08950}"
EndProject
Project("{FAE04EC0-301F-11D3-BF4B-00C04F79EFBC}") = "App01_ConsultarCEP", "App01_ConsultarCEP\App01_ConsultarCEP\App01_ConsultarCEP.csproj", "{83CF52B3-DDDA-4678-A05B-426910C98C21}"
EndProject
Global
	GlobalSection(SolutionConfigurationPlatforms) = preSolution
		Ad-Hoc|Any CPU = Ad-Hoc|Any CPU
		Ad-Hoc|ARM = Ad-Hoc|ARM
		Ad-Hoc|iPhone = Ad-Hoc|iPhone
		Ad-Hoc|iPhoneSimulator = Ad-Hoc|iPhoneSimulator
		Ad-Hoc|x64 = Ad-Hoc|x64
		Ad-Hoc|x86 = Ad-Hoc|x86
		AppStore|Any CPU = AppStore|Any CPU
		AppStore|ARM = AppStore|ARM
		AppStore|iPhone = AppStore|iPhone
		AppStore|iPhoneSimulator = AppStore|iPhoneSimulator
		AppStore|x64 = AppStore|x64
		AppStore|x86 = AppStore|x86
		Debug|Any CPU = Debug|Any CPU
		Debug|ARM = Debug|ARM
		Debug|iPhone = Debug|iPhone
		Debug|iPhoneSimulator = Debug|iPhoneSimulator
		Debug|x64 = Debug|x64
		Debug|x86 = Debug|x86
		Release|Any CPU = Release|Any CPU
		Release|ARM = Release|ARM
		Release|iPhone = Release|iPhone
		Release|iPhoneSimulator = Release|iPhoneSimulator
		Release|x64 = Release|x64
		Release|x86 = Release|x86
	EndGlobalSection
	GlobalSection(ProjectConfigurationPlatforms) = postSolution
		{291B5C86-7F4F-46DC-83DA-98AAB932D655}.Ad-Hoc|Any CPU.ActiveCfg = Release|Any CPU
		{291B5C86-7F4F-46DC-83DA-98AAB932D655}.Ad-Hoc|Any CPU.Build.0 = Release|Any CPU
		{291B5C86-7F4F-46DC-83DA-98AAB932D655}.Ad-Hoc|Any CPU.Deploy.0 = Release|Any CPU
		{291B5C86-7F4F-46DC-83DA-98AAB932D655}.Ad-Hoc|ARM.ActiveCfg = Release|Any CPU
		{291B5C86-7F4F-46DC-83DA-98AAB932D655}.Ad-Hoc|ARM.Build.0 = Release|Any CPU
		{291B5C86-7F4F-46DC-83DA-98AAB932D655}.Ad-Hoc|ARM.Deploy.0 = Release|Any CPU
		{291B5C86-7F4F-46DC-83DA-98AAB932D655}.Ad-Hoc|iPhone.ActiveCfg = Release|Any CPU
		{291B5C86-7F4F-46DC-83DA-98AAB932D655}.Ad-Hoc|iPhone.Build.0 = Release|Any CPU
		{291B5C86-7F4F-46DC-83DA-98AAB932D655}.Ad-Hoc|iPhone.Deploy.0 = Release|Any CPU
		{291B5C86-7F4F-46DC-83DA-98AAB932D655}.Ad-Hoc|iPhoneSimulator.ActiveCfg = Release|Any CPU
		{291B5C86-7F4F-46DC-83DA-98AAB932D655}.Ad-Hoc|iPhoneSimulator.Build.0 = Release|Any CPU
		{291B5C86-7F4F-46DC-83DA-98AAB932D655}.Ad-Hoc|iPhoneSimulator.Deploy.0 = Release|Any CPU
		{291B5C86-7F4F-46DC-83DA-98AAB932D655}.Ad-Hoc|x64.ActiveCfg = Release|Any CPU
		{291B5C86-7F4F-46DC-83DA-98AAB932D655}.Ad-Hoc|x64.Build.0 = Release|Any CPU
		{291B5C86-7F4F-46DC-83DA-98AAB932D655}.Ad-Hoc|x64.Deploy.0 = Release|Any CPU
		{291B5C86-7F4F-46DC-83DA-98AAB932D655}.Ad-Hoc|x86.ActiveCfg = Release|Any CPU
		{291B5C86-7F4F-46DC-83DA-98AAB932D655}.Ad-Hoc|x86.Build.0 = Release|Any CPU
		{291B5C86-7F4F-46DC-83DA-98AAB932D655}.Ad-Hoc|x86.Deploy.0 = Release|Any CPU
		{291B5C86-7F4F-46DC-83DA-98AAB932D655}.AppStore|Any CPU.ActiveCfg = Release|Any CPU
		{291B5C86-7F4F-46DC-83DA-98AAB932D655}.AppStore|Any CPU.Build.0 = Release|Any CPU
		{291B5C86-7F4F-46DC-83DA-98AAB932D655}.AppStore|Any CPU.Deploy.0 = Release|Any CPU
		{291B5C86-7F4F-46DC-83DA-98AAB932D655}.AppStore|ARM.ActiveCfg = Release|Any CPU
		{291B5C86-7F4F-46DC-83DA-98AAB932D655}.AppStore|ARM.Build.0 = Release|Any CPU
		{291B5C86-7F4F-46DC-83DA-98AAB932D655}.AppStore|ARM.Deploy.0 = Release|Any CPU
		{291B5C86-7F4F-46DC-83DA-98AAB932D655}.AppStore|iPhone.ActiveCfg = Release|Any CPU
		{291B5C86-7F4F-46DC-83DA-98AAB932D655}.AppStore|iPhone.Build.0 = Release|Any CPU
		{291B5C86-7F4F-46DC-83DA-98AAB932D655}.AppStore|iPhone.Deploy.0 = Release|Any CPU
		{291B5C86-7F4F-46DC-83DA-98AAB932D655}.AppStore|iPhoneSimulator.ActiveCfg = Release|Any CPU
		{291B5C86-7F4F-46DC-83DA-98AAB932D655}.AppStore|iPhoneSimulator.Build.0 = Release|Any CPU
		{291B5C86-7F4F-46DC-83DA-98AAB932D655}.AppStore|iPhoneSimulator.Deploy.0 = Release|Any CPU
		{291B5C86-7F4F-46DC-83DA-98AAB932D655}.AppStore|x64.ActiveCfg = Release|Any CPU
		{291B5C86-7F4F-46DC-83DA-98AAB932D655}.AppStore|x64.Build.0 = Release|Any CPU
		{291B5C86-7F4F-46DC-83DA-98AAB932D655}.AppStore|x64.Deploy.0 = Release|Any CPU
		{291B5C86-7F4F-46DC-83DA-98AAB932D655}.AppStore|x86.ActiveCfg = Release|Any CPU
		{291B5C86-7F4F-46DC-83DA-98AAB932D655}.AppStore|x86.Build.0 = Release|Any CPU
		{291B5C86-7F4F-46DC-83DA-98AAB932D655}.AppStore|x86.Deploy.0 = Release|Any CPU
		{291B5C86-7F4F-46DC-83DA-98AAB932D655}.Debug|Any CPU.ActiveCfg = Debug|Any CPU
		{291B5C86-7F4F-46DC-83DA-98AAB932D655}.Debug|Any CPU.Build.0 = Debug|Any CPU
		{291B5C86-7F4F-46DC-83DA-98AAB932D655}.Debug|Any CPU.Deploy.0 = Debug|Any CPU
		{291B5C86-7F4F-46DC-83DA-98AAB932D655}.Debug|ARM.ActiveCfg = Debug|Any CPU
		{291B5C86-7F4F-46DC-83DA-98AAB932D655}.Debug|ARM.Build.0 = Debug|Any CPU
		{291B5C86-7F4F-46DC-83DA-98AAB932D655}.Debug|ARM.Deploy.0 = Debug|Any CPU
		{291B5C86-7F4F-46DC-83DA-98AAB932D655}.Debug|iPhone.ActiveCfg = Debug|Any CPU
		{291B5C86-7F4F-46DC-83DA-98AAB932D655}.Debug|iPhone.Build.0 = Debug|Any CPU
		{291B5C86-7F4F-46DC-83DA-98AAB932D655}.Debug|iPhone.Deploy.0 = Debug|Any CPU
		{291B5C86-7F4F-46DC-83DA-98AAB932D655}.Debug|iPhoneSimulator.ActiveCfg = Debug|Any CPU
		{291B5C86-7F4F-46DC-83DA-98AAB932D655}.Debug|iPhoneSimulator.Build.0 = Debug|Any CPU
		{291B5C86-7F4F-46DC-83DA-98AAB932D655}.Debug|iPhoneSimulator.Deploy.0 = Debug|Any CPU
		{291B5C86-7F4F-46DC-83DA-98AAB932D655}.Debug|x64.ActiveCfg = Debug|Any CPU
		{291B5C86-7F4F-46DC-83DA-98AAB932D655}.Debug|x64.Build.0 = Debug|Any CPU
		{291B5C86-7F4F-46DC-83DA-98AAB932D655}.Debug|x64.Deploy.0 = Debug|Any CPU
		{291B5C86-7F4F-46DC-83DA-98AAB932D655}.Debug|x86.ActiveCfg = Debug|Any CPU
		{291B5C86-7F4F-46DC-83DA-98AAB932D655}.Debug|x86.Build.0 = Debug|Any CPU
		{291B5C86-7F4F-46DC-83DA-98AAB932D655}.Debug|x86.Deploy.0 = Debug|Any CPU
		{291B5C86-7F4F-46DC-83DA-98AAB932D655}.Release|Any CPU.ActiveCfg = Release|Any CPU
		{291B5C86-7F4F-46DC-83DA-98AAB932D655}.Release|Any CPU.Build.0 = Release|Any CPU
		{291B5C86-7F4F-46DC-83DA-98AAB932D655}.Release|Any CPU.Deploy.0 = Release|Any CPU
		{291B5C86-7F4F-46DC-83DA-98AAB932D655}.Release|ARM.ActiveCfg = Release|Any CPU
		{291B5C86-7F4F-46DC-83DA-98AAB932D655}.Release|ARM.Build.0 = Release|Any CPU
		{291B5C86-7F4F-46DC-83DA-98AAB932D655}.Release|ARM.Deploy.0 = Release|Any CPU
		{291B5C86-7F4F-46DC-83DA-98AAB932D655}.Release|iPhone.ActiveCfg = Release|Any CPU
		{291B5C86-7F4F-46DC-83DA-98AAB932D655}.Release|iPhone.Build.0 = Release|Any CPU
		{291B5C86-7F4F-46DC-83DA-98AAB932D655}.Release|iPhone.Deploy.0 = Release|Any CPU
		{291B5C86-7F4F-46DC-83DA-98AAB932D655}.Release|iPhoneSimulator.ActiveCfg = Release|Any CPU
		{291B5C86-7F4F-46DC-83DA-98AAB932D655}.Release|iPhoneSimulator.Build.0 = Release|Any CPU
		{291B5C86-7F4F-46DC-83DA-98AAB932D655}.Release|iPhoneSimulator.Deploy.0 = Release|Any CPU
		{291B5C86-7F4F-46DC-83DA-98AAB932D655}.Release|x64.ActiveCfg = Release|Any CPU
		{291B5C86-7F4F-46DC-83DA-98AAB932D655}.Release|x64.Build.0 = Release|Any CPU
		{291B5C86-7F4F-46DC-83DA-98AAB932D655}.Release|x64.Deploy.0 = Release|Any CPU
		{291B5C86-7F4F-46DC-83DA-98AAB932D655}.Release|x86.ActiveCfg = Release|Any CPU
		{291B5C86-7F4F-46DC-83DA-98AAB932D655}.Release|x86.Build.0 = Release|Any CPU
		{291B5C86-7F4F-46DC-83DA-98AAB932D655}.Release|x86.Deploy.0 = Release|Any CPU
		{E9399231-939F-4A94-95BD-9EFAFC0198D0}.Ad-Hoc|Any CPU.ActiveCfg = Ad-Hoc|iPhone
		{E9399231-939F-4A94-95BD-9EFAFC0198D0}.Ad-Hoc|Any CPU.Build.0 = Ad-Hoc|iPhone
		{E9399231-939F-4A94-95BD-9EFAFC0198D0}.Ad-Hoc|Any CPU.Deploy.0 = Ad-Hoc|iPhone
		{E9399231-939F-4A94-95BD-9EFAFC0198D0}.Ad-Hoc|ARM.ActiveCfg = Ad-Hoc|iPhone
		{E9399231-939F-4A94-95BD-9EFAFC0198D0}.Ad-Hoc|ARM.Build.0 = Ad-Hoc|iPhone
		{E9399231-939F-4A94-95BD-9EFAFC0198D0}.Ad-Hoc|ARM.Deploy.0 = Ad-Hoc|iPhone
		{E9399231-939F-4A94-95BD-9EFAFC0198D0}.Ad-Hoc|iPhone.ActiveCfg = Ad-Hoc|iPhone
		{E9399231-939F-4A94-95BD-9EFAFC0198D0}.Ad-Hoc|iPhone.Build.0 = Ad-Hoc|iPhone
		{E9399231-939F-4A94-95BD-9EFAFC0198D0}.Ad-Hoc|iPhone.Deploy.0 = Ad-Hoc|iPhone
		{E9399231-939F-4A94-95BD-9EFAFC0198D0}.Ad-Hoc|iPhoneSimulator.ActiveCfg = Ad-Hoc|iPhoneSimulator
		{E9399231-939F-4A94-95BD-9EFAFC0198D0}.Ad-Hoc|iPhoneSimulator.Build.0 = Ad-Hoc|iPhoneSimulator
		{E9399231-939F-4A94-95BD-9EFAFC0198D0}.Ad-Hoc|iPhoneSimulator.Deploy.0 = Ad-Hoc|iPhoneSimulator
		{E9399231-939F-4A94-95BD-9EFAFC0198D0}.Ad-Hoc|x64.ActiveCfg = Ad-Hoc|iPhone
		{E9399231-939F-4A94-95BD-9EFAFC0198D0}.Ad-Hoc|x64.Build.0 = Ad-Hoc|iPhone
		{E9399231-939F-4A94-95BD-9EFAFC0198D0}.Ad-Hoc|x64.Deploy.0 = Ad-Hoc|iPhone
		{E9399231-939F-4A94-95BD-9EFAFC0198D0}.Ad-Hoc|x86.ActiveCfg = Ad-Hoc|iPhone
		{E9399231-939F-4A94-95BD-9EFAFC0198D0}.Ad-Hoc|x86.Build.0 = Ad-Hoc|iPhone
		{E9399231-939F-4A94-95BD-9EFAFC0198D0}.Ad-Hoc|x86.Deploy.0 = Ad-Hoc|iPhone
		{E9399231-939F-4A94-95BD-9EFAFC0198D0}.AppStore|Any CPU.ActiveCfg = AppStore|iPhone
		{E9399231-939F-4A94-95BD-9EFAFC0198D0}.AppStore|Any CPU.Build.0 = AppStore|iPhone
		{E9399231-939F-4A94-95BD-9EFAFC0198D0}.AppStore|Any CPU.Deploy.0 = AppStore|iPhone
		{E9399231-939F-4A94-95BD-9EFAFC0198D0}.AppStore|ARM.ActiveCfg = AppStore|iPhone
		{E9399231-939F-4A94-95BD-9EFAFC0198D0}.AppStore|ARM.Build.0 = AppStore|iPhone
		{E9399231-939F-4A94-95BD-9EFAFC0198D0}.AppStore|ARM.Deploy.0 = AppStore|iPhone
		{E9399231-939F-4A94-95BD-9EFAFC0198D0}.AppStore|iPhone.ActiveCfg = AppStore|iPhone
		{E9399231-939F-4A94-95BD-9EFAFC0198D0}.AppStore|iPhone.Build.0 = AppStore|iPhone
		{E9399231-939F-4A94-95BD-9EFAFC0198D0}.AppStore|iPhone.Deploy.0 = AppStore|iPhone
		{E9399231-939F-4A94-95BD-9EFAFC0198D0}.AppStore|iPhoneSimulator.ActiveCfg = AppStore|iPhoneSimulator
		{E9399231-939F-4A94-95BD-9EFAFC0198D0}.AppStore|iPhoneSimulator.Build.0 = AppStore|iPhoneSimulator
		{E9399231-939F-4A94-95BD-9EFAFC0198D0}.AppStore|iPhoneSimulator.Deploy.0 = AppStore|iPhoneSimulator
		{E9399231-939F-4A94-95BD-9EFAFC0198D0}.AppStore|x64.ActiveCfg = AppStore|iPhone
		{E9399231-939F-4A94-95BD-9EFAFC0198D0}.AppStore|x64.Build.0 = AppStore|iPhone
		{E9399231-939F-4A94-95BD-9EFAFC0198D0}.AppStore|x64.Deploy.0 = AppStore|iPhone
		{E9399231-939F-4A94-95BD-9EFAFC0198D0}.AppStore|x86.ActiveCfg = AppStore|iPhone
		{E9399231-939F-4A94-95BD-9EFAFC0198D0}.AppStore|x86.Build.0 = AppStore|iPhone
		{E9399231-939F-4A94-95BD-9EFAFC0198D0}.AppStore|x86.Deploy.0 = AppStore|iPhone
		{E9399231-939F-4A94-95BD-9EFAFC0198D0}.Debug|Any CPU.ActiveCfg = Debug|iPhoneSimulator
		{E9399231-939F-4A94-95BD-9EFAFC0198D0}.Debug|Any CPU.Build.0 = Debug|iPhoneSimulator
		{E9399231-939F-4A94-95BD-9EFAFC0198D0}.Debug|Any CPU.Deploy.0 = Debug|iPhoneSimulator
		{E9399231-939F-4A94-95BD-9EFAFC0198D0}.Debug|ARM.ActiveCfg = Debug|iPhone
		{E9399231-939F-4A94-95BD-9EFAFC0198D0}.Debug|ARM.Build.0 = Debug|iPhone
		{E9399231-939F-4A94-95BD-9EFAFC0198D0}.Debug|ARM.Deploy.0 = Debug|iPhone
		{E9399231-939F-4A94-95BD-9EFAFC0198D0}.Debug|iPhone.ActiveCfg = Debug|iPhone
		{E9399231-939F-4A94-95BD-9EFAFC0198D0}.Debug|iPhone.Build.0 = Debug|iPhone
		{E9399231-939F-4A94-95BD-9EFAFC0198D0}.Debug|iPhone.Deploy.0 = Debug|iPhone
		{E9399231-939F-4A94-95BD-9EFAFC0198D0}.Debug|iPhoneSimulator.ActiveCfg = Debug|iPhoneSimulator
		{E9399231-939F-4A94-95BD-9EFAFC0198D0}.Debug|iPhoneSimulator.Build.0 = Debug|iPhoneSimulator
		{E9399231-939F-4A94-95BD-9EFAFC0198D0}.Debug|iPhoneSimulator.Deploy.0 = Debug|iPhoneSimulator
		{E9399231-939F-4A94-95BD-9EFAFC0198D0}.Debug|x64.ActiveCfg = Debug|iPhone
		{E9399231-939F-4A94-95BD-9EFAFC0198D0}.Debug|x64.Build.0 = Debug|iPhone
		{E9399231-939F-4A94-95BD-9EFAFC0198D0}.Debug|x64.Deploy.0 = Debug|iPhone
		{E9399231-939F-4A94-95BD-9EFAFC0198D0}.Debug|x86.ActiveCfg = Debug|iPhone
		{E9399231-939F-4A94-95BD-9EFAFC0198D0}.Debug|x86.Build.0 = Debug|iPhone
		{E9399231-939F-4A94-95BD-9EFAFC0198D0}.Debug|x86.Deploy.0 = Debug|iPhone
		{E9399231-939F-4A94-95BD-9EFAFC0198D0}.Release|Any CPU.ActiveCfg = Release|iPhone
		{E9399231-939F-4A94-95BD-9EFAFC0198D0}.Release|Any CPU.Build.0 = Release|iPhone
		{E9399231-939F-4A94-95BD-9EFAFC0198D0}.Release|Any CPU.Deploy.0 = Release|iPhone
		{E9399231-939F-4A94-95BD-9EFAFC0198D0}.Release|ARM.ActiveCfg = Release|iPhone
		{E9399231-939F-4A94-95BD-9EFAFC0198D0}.Release|ARM.Build.0 = Release|iPhone
		{E9399231-939F-4A94-95BD-9EFAFC0198D0}.Release|ARM.Deploy.0 = Release|iPhone
		{E9399231-939F-4A94-95BD-9EFAFC0198D0}.Release|iPhone.ActiveCfg = Release|iPhone
		{E9399231-939F-4A94-95BD-9EFAFC0198D0}.Release|iPhone.Build.0 = Release|iPhone
		{E9399231-939F-4A94-95BD-9EFAFC0198D0}.Release|iPhone.Deploy.0 = Release|iPhone
		{E9399231-939F-4A94-95BD-9EFAFC0198D0}.Release|iPhoneSimulator.ActiveCfg = Release|iPhoneSimulator
		{E9399231-939F-4A94-95BD-9EFAFC0198D0}.Release|iPhoneSimulator.Build.0 = Release|iPhoneSimulator
		{E9399231-939F-4A94-95BD-9EFAFC0198D0}.Release|iPhoneSimulator.Deploy.0 = Release|iPhoneSimulator
		{E9399231-939F-4A94-95BD-9EFAFC0198D0}.Release|x64.ActiveCfg = Release|iPhone
		{E9399231-939F-4A94-95BD-9EFAFC0198D0}.Release|x64.Build.0 = Release|iPhone
		{E9399231-939F-4A94-95BD-9EFAFC0198D0}.Release|x64.Deploy.0 = Release|iPhone
		{E9399231-939F-4A94-95BD-9EFAFC0198D0}.Release|x86.ActiveCfg = Release|iPhone
		{E9399231-939F-4A94-95BD-9EFAFC0198D0}.Release|x86.Build.0 = Release|iPhone
		{E9399231-939F-4A94-95BD-9EFAFC0198D0}.Release|x86.Deploy.0 = Release|iPhone
		{97178569-A3FC-49E1-9146-0B4211C08950}.Ad-Hoc|Any CPU.ActiveCfg = Release|x86
		{97178569-A3FC-49E1-9146-0B4211C08950}.Ad-Hoc|Any CPU.Build.0 = Release|x86
		{97178569-A3FC-49E1-9146-0B4211C08950}.Ad-Hoc|Any CPU.Deploy.0 = Release|x86
		{97178569-A3FC-49E1-9146-0B4211C08950}.Ad-Hoc|ARM.ActiveCfg = Release|ARM
		{97178569-A3FC-49E1-9146-0B4211C08950}.Ad-Hoc|ARM.Build.0 = Release|ARM
		{97178569-A3FC-49E1-9146-0B4211C08950}.Ad-Hoc|ARM.Deploy.0 = Release|ARM
		{97178569-A3FC-49E1-9146-0B4211C08950}.Ad-Hoc|iPhone.ActiveCfg = Release|x86
		{97178569-A3FC-49E1-9146-0B4211C08950}.Ad-Hoc|iPhone.Build.0 = Release|x86
		{97178569-A3FC-49E1-9146-0B4211C08950}.Ad-Hoc|iPhone.Deploy.0 = Release|x86
		{97178569-A3FC-49E1-9146-0B4211C08950}.Ad-Hoc|iPhoneSimulator.ActiveCfg = Release|x86
		{97178569-A3FC-49E1-9146-0B4211C08950}.Ad-Hoc|iPhoneSimulator.Build.0 = Release|x86
		{97178569-A3FC-49E1-9146-0B4211C08950}.Ad-Hoc|iPhoneSimulator.Deploy.0 = Release|x86
		{97178569-A3FC-49E1-9146-0B4211C08950}.Ad-Hoc|x64.ActiveCfg = Release|x64
		{97178569-A3FC-49E1-9146-0B4211C08950}.Ad-Hoc|x64.Build.0 = Release|x64
		{97178569-A3FC-49E1-9146-0B4211C08950}.Ad-Hoc|x64.Deploy.0 = Release|x64
		{97178569-A3FC-49E1-9146-0B4211C08950}.Ad-Hoc|x86.ActiveCfg = Release|x86
		{97178569-A3FC-49E1-9146-0B4211C08950}.Ad-Hoc|x86.Build.0 = Release|x86
		{97178569-A3FC-49E1-9146-0B4211C08950}.Ad-Hoc|x86.Deploy.0 = Release|x86
		{97178569-A3FC-49E1-9146-0B4211C08950}.AppStore|Any CPU.ActiveCfg = Release|x86
		{97178569-A3FC-49E1-9146-0B4211C08950}.AppStore|Any CPU.Build.0 = Release|x86
		{97178569-A3FC-49E1-9146-0B4211C08950}.AppStore|Any CPU.Deploy.0 = Release|x86
		{97178569-A3FC-49E1-9146-0B4211C08950}.AppStore|ARM.ActiveCfg = Release|ARM
		{97178569-A3FC-49E1-9146-0B4211C08950}.AppStore|ARM.Build.0 = Release|ARM
		{97178569-A3FC-49E1-9146-0B4211C08950}.AppStore|ARM.Deploy.0 = Release|ARM
		{97178569-A3FC-49E1-9146-0B4211C08950}.AppStore|iPhone.ActiveCfg = Release|x86
		{97178569-A3FC-49E1-9146-0B4211C08950}.AppStore|iPhone.Build.0 = Release|x86
		{97178569-A3FC-49E1-9146-0B4211C08950}.AppStore|iPhone.Deploy.0 = Release|x86
		{97178569-A3FC-49E1-9146-0B4211C08950}.AppStore|iPhoneSimulator.ActiveCfg = Release|x86
		{97178569-A3FC-49E1-9146-0B4211C08950}.AppStore|iPhoneSimulator.Build.0 = Release|x86
		{97178569-A3FC-49E1-9146-0B4211C08950}.AppStore|iPhoneSimulator.Deploy.0 = Release|x86
		{97178569-A3FC-49E1-9146-0B4211C08950}.AppStore|x64.ActiveCfg = Release|x64
		{97178569-A3FC-49E1-9146-0B4211C08950}.AppStore|x64.Build.0 = Release|x64
		{97178569-A3FC-49E1-9146-0B4211C08950}.AppStore|x64.Deploy.0 = Release|x64
		{97178569-A3FC-49E1-9146-0B4211C08950}.AppStore|x86.ActiveCfg = Release|x86
		{97178569-A3FC-49E1-9146-0B4211C08950}.AppStore|x86.Build.0 = Release|x86
		{97178569-A3FC-49E1-9146-0B4211C08950}.AppStore|x86.Deploy.0 = Release|x86
		{97178569-A3FC-49E1-9146-0B4211C08950}.Debug|Any CPU.ActiveCfg = Debug|x86
		{97178569-A3FC-49E1-9146-0B4211C08950}.Debug|Any CPU.Build.0 = Debug|x86
		{97178569-A3FC-49E1-9146-0B4211C08950}.Debug|Any CPU.Deploy.0 = Debug|x86
		{97178569-A3FC-49E1-9146-0B4211C08950}.Debug|ARM.ActiveCfg = Debug|ARM
		{97178569-A3FC-49E1-9146-0B4211C08950}.Debug|ARM.Build.0 = Debug|ARM
		{97178569-A3FC-49E1-9146-0B4211C08950}.Debug|ARM.Deploy.0 = Debug|ARM
		{97178569-A3FC-49E1-9146-0B4211C08950}.Debug|iPhone.ActiveCfg = Debug|x86
		{97178569-A3FC-49E1-9146-0B4211C08950}.Debug|iPhone.Build.0 = Debug|x86
		{97178569-A3FC-49E1-9146-0B4211C08950}.Debug|iPhone.Deploy.0 = Debug|x86
		{97178569-A3FC-49E1-9146-0B4211C08950}.Debug|iPhoneSimulator.ActiveCfg = Debug|x86
		{97178569-A3FC-49E1-9146-0B4211C08950}.Debug|iPhoneSimulator.Build.0 = Debug|x86
		{97178569-A3FC-49E1-9146-0B4211C08950}.Debug|iPhoneSimulator.Deploy.0 = Debug|x86
		{97178569-A3FC-49E1-9146-0B4211C08950}.Debug|x64.ActiveCfg = Debug|x64
		{97178569-A3FC-49E1-9146-0B4211C08950}.Debug|x64.Build.0 = Debug|x64
		{97178569-A3FC-49E1-9146-0B4211C08950}.Debug|x64.Deploy.0 = Debug|x64
		{97178569-A3FC-49E1-9146-0B4211C08950}.Debug|x86.ActiveCfg = Debug|x86
		{97178569-A3FC-49E1-9146-0B4211C08950}.Debug|x86.Build.0 = Debug|x86
		{97178569-A3FC-49E1-9146-0B4211C08950}.Debug|x86.Deploy.0 = Debug|x86
		{97178569-A3FC-49E1-9146-0B4211C08950}.Release|Any CPU.ActiveCfg = Release|x86
		{97178569-A3FC-49E1-9146-0B4211C08950}.Release|Any CPU.Build.0 = Release|x86
		{97178569-A3FC-49E1-9146-0B4211C08950}.Release|Any CPU.Deploy.0 = Release|x86
		{97178569-A3FC-49E1-9146-0B4211C08950}.Release|ARM.ActiveCfg = Release|ARM
		{97178569-A3FC-49E1-9146-0B4211C08950}.Release|ARM.Build.0 = Release|ARM
		{97178569-A3FC-49E1-9146-0B4211C08950}.Release|ARM.Deploy.0 = Release|ARM
		{97178569-A3FC-49E1-9146-0B4211C08950}.Release|iPhone.ActiveCfg = Release|x86
		{97178569-A3FC-49E1-9146-0B4211C08950}.Release|iPhone.Build.0 = Release|x86
		{97178569-A3FC-49E1-9146-0B4211C08950}.Release|iPhone.Deploy.0 = Release|x86
		{97178569-A3FC-49E1-9146-0B4211C08950}.Release|iPhoneSimulator.ActiveCfg = Release|x86
		{97178569-A3FC-49E1-9146-0B4211C08950}.Release|iPhoneSimulator.Build.0 = Release|x86
		{97178569-A3FC-49E1-9146-0B4211C08950}.Release|iPhoneSimulator.Deploy.0 = Release|x86
		{97178569-A3FC-49E1-9146-0B4211C08950}.Release|x64.ActiveCfg = Release|x64
		{97178569-A3FC-49E1-9146-0B4211C08950}.Release|x64.Build.0 = Release|x64
		{97178569-A3FC-49E1-9146-0B4211C08950}.Release|x64.Deploy.0 = Release|x64
		{97178569-A3FC-49E1-9146-0B4211C08950}.Release|x86.ActiveCfg = Release|x86
		{97178569-A3FC-49E1-9146-0B4211C08950}.Release|x86.Build.0 = Release|x86
		{97178569-A3FC-49E1-9146-0B4211C08950}.Release|x86.Deploy.0 = Release|x86
		{83CF52B3-DDDA-4678-A05B-426910C98C21}.Ad-Hoc|Any CPU.ActiveCfg = Debug|Any CPU
		{83CF52B3-DDDA-4678-A05B-426910C98C21}.Ad-Hoc|Any CPU.Build.0 = Debug|Any CPU
		{83CF52B3-DDDA-4678-A05B-426910C98C21}.Ad-Hoc|Any CPU.Deploy.0 = Debug|Any CPU
		{83CF52B3-DDDA-4678-A05B-426910C98C21}.Ad-Hoc|ARM.ActiveCfg = Debug|Any CPU
		{83CF52B3-DDDA-4678-A05B-426910C98C21}.Ad-Hoc|ARM.Build.0 = Debug|Any CPU
		{83CF52B3-DDDA-4678-A05B-426910C98C21}.Ad-Hoc|ARM.Deploy.0 = Debug|Any CPU
		{83CF52B3-DDDA-4678-A05B-426910C98C21}.Ad-Hoc|iPhone.ActiveCfg = Debug|Any CPU
		{83CF52B3-DDDA-4678-A05B-426910C98C21}.Ad-Hoc|iPhone.Build.0 = Debug|Any CPU
		{83CF52B3-DDDA-4678-A05B-426910C98C21}.Ad-Hoc|iPhone.Deploy.0 = Debug|Any CPU
		{83CF52B3-DDDA-4678-A05B-426910C98C21}.Ad-Hoc|iPhoneSimulator.ActiveCfg = Debug|Any CPU
		{83CF52B3-DDDA-4678-A05B-426910C98C21}.Ad-Hoc|iPhoneSimulator.Build.0 = Debug|Any CPU
		{83CF52B3-DDDA-4678-A05B-426910C98C21}.Ad-Hoc|iPhoneSimulator.Deploy.0 = Debug|Any CPU
		{83CF52B3-DDDA-4678-A05B-426910C98C21}.Ad-Hoc|x64.ActiveCfg = Debug|Any CPU
		{83CF52B3-DDDA-4678-A05B-426910C98C21}.Ad-Hoc|x64.Build.0 = Debug|Any CPU
		{83CF52B3-DDDA-4678-A05B-426910C98C21}.Ad-Hoc|x64.Deploy.0 = Debug|Any CPU
		{83CF52B3-DDDA-4678-A05B-426910C98C21}.Ad-Hoc|x86.ActiveCfg = Debug|Any CPU
		{83CF52B3-DDDA-4678-A05B-426910C98C21}.Ad-Hoc|x86.Build.0 = Debug|Any CPU
		{83CF52B3-DDDA-4678-A05B-426910C98C21}.Ad-Hoc|x86.Deploy.0 = Debug|Any CPU
		{83CF52B3-DDDA-4678-A05B-426910C98C21}.AppStore|Any CPU.ActiveCfg = Debug|Any CPU
		{83CF52B3-DDDA-4678-A05B-426910C98C21}.AppStore|Any CPU.Build.0 = Debug|Any CPU
		{83CF52B3-DDDA-4678-A05B-426910C98C21}.AppStore|Any CPU.Deploy.0 = Debug|Any CPU
		{83CF52B3-DDDA-4678-A05B-426910C98C21}.AppStore|ARM.ActiveCfg = Debug|Any CPU
		{83CF52B3-DDDA-4678-A05B-426910C98C21}.AppStore|ARM.Build.0 = Debug|Any CPU
		{83CF52B3-DDDA-4678-A05B-426910C98C21}.AppStore|ARM.Deploy.0 = Debug|Any CPU
		{83CF52B3-DDDA-4678-A05B-426910C98C21}.AppStore|iPhone.ActiveCfg = Debug|Any CPU
		{83CF52B3-DDDA-4678-A05B-426910C98C21}.AppStore|iPhone.Build.0 = Debug|Any CPU
		{83CF52B3-DDDA-4678-A05B-426910C98C21}.AppStore|iPhone.Deploy.0 = Debug|Any CPU
		{83CF52B3-DDDA-4678-A05B-426910C98C21}.AppStore|iPhoneSimulator.ActiveCfg = Debug|Any CPU
		{83CF52B3-DDDA-4678-A05B-426910C98C21}.AppStore|iPhoneSimulator.Build.0 = Debug|Any CPU
		{83CF52B3-DDDA-4678-A05B-426910C98C21}.AppStore|iPhoneSimulator.Deploy.0 = Debug|Any CPU
		{83CF52B3-DDDA-4678-A05B-426910C98C21}.AppStore|x64.ActiveCfg = Debug|Any CPU
		{83CF52B3-DDDA-4678-A05B-426910C98C21}.AppStore|x64.Build.0 = Debug|Any CPU
		{83CF52B3-DDDA-4678-A05B-426910C98C21}.AppStore|x64.Deploy.0 = Debug|Any CPU
		{83CF52B3-DDDA-4678-A05B-426910C98C21}.AppStore|x86.ActiveCfg = Debug|Any CPU
		{83CF52B3-DDDA-4678-A05B-426910C98C21}.AppStore|x86.Build.0 = Debug|Any CPU
		{83CF52B3-DDDA-4678-A05B-426910C98C21}.AppStore|x86.Deploy.0 = Debug|Any CPU
		{83CF52B3-DDDA-4678-A05B-426910C98C21}.Debug|Any CPU.ActiveCfg = Debug|Any CPU
		{83CF52B3-DDDA-4678-A05B-426910C98C21}.Debug|Any CPU.Build.0 = Debug|Any CPU
		{83CF52B3-DDDA-4678-A05B-426910C98C21}.Debug|Any CPU.Deploy.0 = Debug|Any CPU
		{83CF52B3-DDDA-4678-A05B-426910C98C21}.Debug|ARM.ActiveCfg = Debug|Any CPU
		{83CF52B3-DDDA-4678-A05B-426910C98C21}.Debug|ARM.Build.0 = Debug|Any CPU
		{83CF52B3-DDDA-4678-A05B-426910C98C21}.Debug|ARM.Deploy.0 = Debug|Any CPU
		{83CF52B3-DDDA-4678-A05B-426910C98C21}.Debug|iPhone.ActiveCfg = Debug|Any CPU
		{83CF52B3-DDDA-4678-A05B-426910C98C21}.Debug|iPhone.Build.0 = Debug|Any CPU
		{83CF52B3-DDDA-4678-A05B-426910C98C21}.Debug|iPhone.Deploy.0 = Debug|Any CPU
		{83CF52B3-DDDA-4678-A05B-426910C98C21}.Debug|iPhoneSimulator.ActiveCfg = Debug|Any CPU
		{83CF52B3-DDDA-4678-A05B-426910C98C21}.Debug|iPhoneSimulator.Build.0 = Debug|Any CPU
		{83CF52B3-DDDA-4678-A05B-426910C98C21}.Debug|iPhoneSimulator.Deploy.0 = Debug|Any CPU
		{83CF52B3-DDDA-4678-A05B-426910C98C21}.Debug|x64.ActiveCfg = Debug|Any CPU
		{83CF52B3-DDDA-4678-A05B-426910C98C21}.Debug|x64.Build.0 = Debug|Any CPU
		{83CF52B3-DDDA-4678-A05B-426910C98C21}.Debug|x64.Deploy.0 = Debug|Any CPU
		{83CF52B3-DDDA-4678-A05B-426910C98C21}.Debug|x86.ActiveCfg = Debug|Any CPU
		{83CF52B3-DDDA-4678-A05B-426910C98C21}.Debug|x86.Build.0 = Debug|Any CPU
		{83CF52B3-DDDA-4678-A05B-426910C98C21}.Debug|x86.Deploy.0 = Debug|Any CPU
		{83CF52B3-DDDA-4678-A05B-426910C98C21}.Release|Any CPU.ActiveCfg = Release|Any CPU
		{83CF52B3-DDDA-4678-A05B-426910C98C21}.Release|Any CPU.Build.0 = Release|Any CPU
		{83CF52B3-DDDA-4678-A05B-426910C98C21}.Release|Any CPU.Deploy.0 = Release|Any CPU
		{83CF52B3-DDDA-4678-A05B-426910C98C21}.Release|ARM.ActiveCfg = Release|Any CPU
		{83CF52B3-DDDA-4678-A05B-426910C98C21}.Release|ARM.Build.0 = Release|Any CPU
		{83CF52B3-DDDA-4678-A05B-426910C98C21}.Release|ARM.Deploy.0 = Release|Any CPU
		{83CF52B3-DDDA-4678-A05B-426910C98C21}.Release|iPhone.ActiveCfg = Release|Any CPU
		{83CF52B3-DDDA-4678-A05B-426910C98C21}.Release|iPhone.Build.0 = Release|Any CPU
		{83CF52B3-DDDA-4678-A05B-426910C98C21}.Release|iPhone.Deploy.0 = Release|Any CPU
		{83CF52B3-DDDA-4678-A05B-426910C98C21}.Release|iPhoneSimulator.ActiveCfg = Release|Any CPU
		{83CF52B3-DDDA-4678-A05B-426910C98C21}.Release|iPhoneSimulator.Build.0 = Release|Any CPU
		{83CF52B3-DDDA-4678-A05B-426910C98C21}.Release|iPhoneSimulator.Deploy.0 = Release|Any CPU
		{83CF52B3-DDDA-4678-A05B-426910C98C21}.Release|x64.ActiveCfg = Release|Any CPU
		{83CF52B3-DDDA-4678-A05B-426910C98C21}.Release|x64.Build.0 = Release|Any CPU
		{83CF52B3-DDDA-4678-A05B-426910C98C21}.Release|x64.Deploy.0 = Release|Any CPU
		{83CF52B3-DDDA-4678-A05B-426910C98C21}.Release|x86.ActiveCfg = Release|Any CPU
		{83CF52B3-DDDA-4678-A05B-426910C98C21}.Release|x86.Build.0 = Release|Any CPU
		{83CF52B3-DDDA-4678-A05B-426910C98C21}.Release|x86.Deploy.0 = Release|Any CPU
	EndGlobalSection
	GlobalSection(SolutionProperties) = preSolution
		HideSolutionNode = FALSE
	EndGlobalSection
	GlobalSection(ExtensibilityGlobals) = postSolution
		SolutionGuid = {F2AA4960-2B21-4E7F-9D59-E325C08E36F0}
	EndGlobalSection
EndGlobal
